
Microsoft Visual Studio Solution File, Format Version 12.00
# Visual Studio 15
VisualStudioVersion = 15.0.27428.2043
MinimumVisualStudioVersion = 10.0.40219.1
Project("{FAE04EC0-301F-11D3-BF4B-00C04F79EFBC}") = "InheritanceDemo", "InheritanceDemo\InheritanceDemo.csproj", "{D73FBB01-646D-48F0-B566-066944580B5B}"
EndProject
Global
	GlobalSection(SolutionConfigurationPlatforms) = preSolution
		Debug|Any CPU = Debug|Any CPU
		Release|Any CPU = Release|Any CPU
	EndGlobalSection
	GlobalSection(ProjectConfigurationPlatforms) = postSolution
		{D73FBB01-646D-48F0-B566-066944580B5B}.Debug|Any CPU.ActiveCfg = Debug|Any CPU
		{D73FBB01-646D-48F0-B566-066944580B5B}.Debug|Any CPU.Build.0 = Debug|Any CPU
		{D73FBB01-646D-48F0-B566-066944580B5B}.Release|Any CPU.ActiveCfg = Release|Any CPU
		{D73FBB01-646D-48F0-B566-066944580B5B}.Release|Any CPU.Build.0 = Release|Any CPU
	EndGlobalSection
	GlobalSection(SolutionProperties) = preSolution
		HideSolutionNode = FALSE
	EndGlobalSection
	GlobalSection(ExtensibilityGlobals) = postSolution
		SolutionGuid = {EE6409E9-39AA-4D15-BA45-2182847031AD}
	EndGlobalSection
EndGlobal
