
Microsoft Visual Studio Solution File, Format Version 12.00
# Visual Studio 15
VisualStudioVersion = 15.0.27703.2026
MinimumVisualStudioVersion = 10.0.40219.1
Project("{9A19103F-16F7-4668-BE54-9A1E7A4F7556}") = "Fibonacci", "Fibonacci\Fibonacci.csproj", "{37CC3DCF-B979-4C1B-B269-54B146D429A2}"
EndProject
Project("{2150E333-8FDC-42A3-9474-1A3956D46DE8}") = "Fibonacci", "Fibonacci", "{F0439D93-7E54-414F-8FDF-429EAEFEC411}"
EndProject
Global
	GlobalSection(SolutionConfigurationPlatforms) = preSolution
		Debug|Any CPU = Debug|Any CPU
		Release|Any CPU = Release|Any CPU
	EndGlobalSection
	GlobalSection(ProjectConfigurationPlatforms) = postSolution
		{37CC3DCF-B979-4C1B-B269-54B146D429A2}.Debug|Any CPU.ActiveCfg = Debug|Any CPU
		{37CC3DCF-B979-4C1B-B269-54B146D429A2}.Debug|Any CPU.Build.0 = Debug|Any CPU
		{37CC3DCF-B979-4C1B-B269-54B146D429A2}.Release|Any CPU.ActiveCfg = Release|Any CPU
		{37CC3DCF-B979-4C1B-B269-54B146D429A2}.Release|Any CPU.Build.0 = Release|Any CPU
	EndGlobalSection
	GlobalSection(SolutionProperties) = preSolution
		HideSolutionNode = FALSE
	EndGlobalSection
	GlobalSection(NestedProjects) = preSolution
		{37CC3DCF-B979-4C1B-B269-54B146D429A2} = {F0439D93-7E54-414F-8FDF-429EAEFEC411}
	EndGlobalSection
	GlobalSection(ExtensibilityGlobals) = postSolution
		SolutionGuid = {F7DA4660-3061-4C54-8C6F-536459C5F339}
	EndGlobalSection
EndGlobal
