
Microsoft Visual Studio Solution File, Format Version 12.00
# Visual Studio 15
VisualStudioVersion = 15.0.27428.2043
MinimumVisualStudioVersion = 10.0.40219.1
Project("{FAE04EC0-301F-11D3-BF4B-00C04F79EFBC}") = "CelciusToFarenheit", "CelciusToFarenheit\CelciusToFarenheit.csproj", "{6AF9DE3E-1318-4A7A-B97A-0A2FB00BE88C}"
EndProject
Global
	GlobalSection(SolutionConfigurationPlatforms) = preSolution
		Debug|Any CPU = Debug|Any CPU
		Release|Any CPU = Release|Any CPU
	EndGlobalSection
	GlobalSection(ProjectConfigurationPlatforms) = postSolution
		{6AF9DE3E-1318-4A7A-B97A-0A2FB00BE88C}.Debug|Any CPU.ActiveCfg = Debug|Any CPU
		{6AF9DE3E-1318-4A7A-B97A-0A2FB00BE88C}.Debug|Any CPU.Build.0 = Debug|Any CPU
		{6AF9DE3E-1318-4A7A-B97A-0A2FB00BE88C}.Release|Any CPU.ActiveCfg = Release|Any CPU
		{6AF9DE3E-1318-4A7A-B97A-0A2FB00BE88C}.Release|Any CPU.Build.0 = Release|Any CPU
	EndGlobalSection
	GlobalSection(SolutionProperties) = preSolution
		HideSolutionNode = FALSE
	EndGlobalSection
	GlobalSection(ExtensibilityGlobals) = postSolution
		SolutionGuid = {7AC21E3B-FCB8-4D9D-93D8-F7E3CE79238A}
	EndGlobalSection
EndGlobal
