
Microsoft Visual Studio Solution File, Format Version 12.00
# Visual Studio 15
VisualStudioVersion = 15.0.27428.2043
MinimumVisualStudioVersion = 10.0.40219.1
Project("{FAE04EC0-301F-11D3-BF4B-00C04F79EFBC}") = "ForLoops", "ForLoops\ForLoops.csproj", "{3ABEF0BF-DD87-481F-82F4-0A6480F25CE8}"
EndProject
Project("{FAE04EC0-301F-11D3-BF4B-00C04F79EFBC}") = "ForLoopsTest", "ForLoopsTest\ForLoopsTest.csproj", "{27316687-56E5-4A02-B37B-1EDB1F68B825}"
EndProject
Global
	GlobalSection(SolutionConfigurationPlatforms) = preSolution
		Debug|Any CPU = Debug|Any CPU
		Release|Any CPU = Release|Any CPU
	EndGlobalSection
	GlobalSection(ProjectConfigurationPlatforms) = postSolution
		{3ABEF0BF-DD87-481F-82F4-0A6480F25CE8}.Debug|Any CPU.ActiveCfg = Debug|Any CPU
		{3ABEF0BF-DD87-481F-82F4-0A6480F25CE8}.Debug|Any CPU.Build.0 = Debug|Any CPU
		{3ABEF0BF-DD87-481F-82F4-0A6480F25CE8}.Release|Any CPU.ActiveCfg = Release|Any CPU
		{3ABEF0BF-DD87-481F-82F4-0A6480F25CE8}.Release|Any CPU.Build.0 = Release|Any CPU
		{27316687-56E5-4A02-B37B-1EDB1F68B825}.Debug|Any CPU.ActiveCfg = Debug|Any CPU
		{27316687-56E5-4A02-B37B-1EDB1F68B825}.Debug|Any CPU.Build.0 = Debug|Any CPU
		{27316687-56E5-4A02-B37B-1EDB1F68B825}.Release|Any CPU.ActiveCfg = Release|Any CPU
		{27316687-56E5-4A02-B37B-1EDB1F68B825}.Release|Any CPU.Build.0 = Release|Any CPU
	EndGlobalSection
	GlobalSection(SolutionProperties) = preSolution
		HideSolutionNode = FALSE
	EndGlobalSection
	GlobalSection(ExtensibilityGlobals) = postSolution
		SolutionGuid = {C2621B44-7EA2-43F4-A4BD-114718E01768}
	EndGlobalSection
EndGlobal
